{
  "version": 4,
  "terraform_version": "1.11.0",
  "serial": 1,
  "lineage": "41ba35d2-2810-9a4f-677e-dc59f9917013",
  "outputs": {},
  "resources": [
    {
      "mode": "managed",
      "type": "local_file",
      "name": "main",
      "provider": "provider[\"registry.terraform.io/hashicorp/local\"]",
      "instances": [
        {
          "schema_version": 0,
          "attributes": {
            "content": "terraform is awesome",
            "content_base64": null,
            "content_base64sha256": "20TPiBtvbkN04+A4Ao5IZtFFPy26EFUw0HwCjK+ECY8=",
            "content_base64sha512": "R+wxidogQok66WwUCKJ9+xNyLDWtPDpyP1wiks5yGoa8InCHPaqdxnYftzVuYiy6S+HtIesRszqUVCakj8J87w==",
            "content_md5": "aaa8601517d2ba435b4a63aad560d440",
            "content_sha1": "126e77b04c8dbab340ea6aa78088ebb67048b59b",
            "content_sha256": "db44cf881b6f6e4374e3e038028e4866d1453f2dba105530d07c028caf84098f",
            "content_sha512": "47ec3189da2042893ae96c1408a27dfb13722c35ad3c3a723f5c2292ce721a86bc2270873daa9dc6761fb7356e622cba4be1ed21eb11b33a945426a48fc27cef",
            "directory_permission": "0777",
            "file_permission": "0777",
            "filename": "./mani.txt",
            "id": "126e77b04c8dbab340ea6aa78088ebb67048b59b",
            "sensitive_content": null,
            "source": null
          },
          "sensitive_attributes": [
            [
              {
                "type": "get_attr",
                "value": "sensitive_content"
              }
            ]
          ]
        }
      ]
    }
  ],
  "check_results": null
}
